
Microsoft Visual Studio Solution File, Format Version 12.00
# Visual Studio Version 17
VisualStudioVersion = 17.0.31717.71
MinimumVisualStudioVersion = 10.0.40219.1
Project("{9A19103F-16F7-4668-BE54-9A1E7A4F7556}") = "WebUI", "WebUI.csproj", "{C0F4CD85-B4E2-4D5F-8BD7-CC6824A17970}"
EndProject
Global
	GlobalSection(SolutionConfigurationPlatforms) = preSolution
		Debug|Any CPU = Debug|Any CPU
		Release|Any CPU = Release|Any CPU
	EndGlobalSection
	GlobalSection(ProjectConfigurationPlatforms) = postSolution
		{C0F4CD85-B4E2-4D5F-8BD7-CC6824A17970}.Debug|Any CPU.ActiveCfg = Debug|Any CPU
		{C0F4CD85-B4E2-4D5F-8BD7-CC6824A17970}.Debug|Any CPU.Build.0 = Debug|Any CPU
		{C0F4CD85-B4E2-4D5F-8BD7-CC6824A17970}.Release|Any CPU.ActiveCfg = Release|Any CPU
		{C0F4CD85-B4E2-4D5F-8BD7-CC6824A17970}.Release|Any CPU.Build.0 = Release|Any CPU
	EndGlobalSection
	GlobalSection(SolutionProperties) = preSolution
		HideSolutionNode = FALSE
	EndGlobalSection
	GlobalSection(ExtensibilityGlobals) = postSolution
		SolutionGuid = {C2E09660-8C42-413D-8C19-485FA348A341}
	EndGlobalSection
EndGlobal